
Microsoft Visual Studio Solution File, Format Version 12.00
# Visual Studio Version 17
VisualStudioVersion = 17.6.33723.286
MinimumVisualStudioVersion = 10.0.40219.1
Project("{FAE04EC0-301F-11D3-BF4B-00C04F79EFBC}") = "WeatherChecker", "WeatherChecker\WeatherChecker.csproj", "{57903D7A-0A03-4C14-B058-59C766DA5607}"
EndProject
Project("{FAE04EC0-301F-11D3-BF4B-00C04F79EFBC}") = "WeatherCheckerDemo", "WeatherCheckerDemo\WeatherCheckerDemo.csproj", "{F5FBDAC7-E7FC-4051-A9D1-CD8D31904CA5}"
EndProject
Global
	GlobalSection(SolutionConfigurationPlatforms) = preSolution
		Debug|Any CPU = Debug|Any CPU
		Release|Any CPU = Release|Any CPU
	EndGlobalSection
	GlobalSection(ProjectConfigurationPlatforms) = postSolution
		{57903D7A-0A03-4C14-B058-59C766DA5607}.Debug|Any CPU.ActiveCfg = Debug|Any CPU
		{57903D7A-0A03-4C14-B058-59C766DA5607}.Debug|Any CPU.Build.0 = Debug|Any CPU
		{57903D7A-0A03-4C14-B058-59C766DA5607}.Release|Any CPU.ActiveCfg = Release|Any CPU
		{57903D7A-0A03-4C14-B058-59C766DA5607}.Release|Any CPU.Build.0 = Release|Any CPU
		{F5FBDAC7-E7FC-4051-A9D1-CD8D31904CA5}.Debug|Any CPU.ActiveCfg = Debug|Any CPU
		{F5FBDAC7-E7FC-4051-A9D1-CD8D31904CA5}.Debug|Any CPU.Build.0 = Debug|Any CPU
		{F5FBDAC7-E7FC-4051-A9D1-CD8D31904CA5}.Release|Any CPU.ActiveCfg = Release|Any CPU
		{F5FBDAC7-E7FC-4051-A9D1-CD8D31904CA5}.Release|Any CPU.Build.0 = Release|Any CPU
	EndGlobalSection
	GlobalSection(SolutionProperties) = preSolution
		HideSolutionNode = FALSE
	EndGlobalSection
	GlobalSection(ExtensibilityGlobals) = postSolution
		SolutionGuid = {60C68AF6-720D-418C-9FB9-78B1B5A4275E}
	EndGlobalSection
EndGlobal
